
Microsoft Visual Studio Solution File, Format Version 12.00
# Visual Studio Version 17
VisualStudioVersion = 17.4.33110.190
MinimumVisualStudioVersion = 10.0.40219.1
Project("{FAE04EC0-301F-11D3-BF4B-00C04F79EFBC}") = "WebApplication1", "WebApplication1.csproj", "{FFD60098-E6CC-4A6E-9162-F1DFF4770315}"
EndProject
Global
	GlobalSection(SolutionConfigurationPlatforms) = preSolution
		Debug|Any CPU = Debug|Any CPU
		Release|Any CPU = Release|Any CPU
	EndGlobalSection
	GlobalSection(ProjectConfigurationPlatforms) = postSolution
		{FFD60098-E6CC-4A6E-9162-F1DFF4770315}.Debug|Any CPU.ActiveCfg = Debug|Any CPU
		{FFD60098-E6CC-4A6E-9162-F1DFF4770315}.Debug|Any CPU.Build.0 = Debug|Any CPU
		{FFD60098-E6CC-4A6E-9162-F1DFF4770315}.Release|Any CPU.ActiveCfg = Release|Any CPU
		{FFD60098-E6CC-4A6E-9162-F1DFF4770315}.Release|Any CPU.Build.0 = Release|Any CPU
	EndGlobalSection
	GlobalSection(SolutionProperties) = preSolution
		HideSolutionNode = FALSE
	EndGlobalSection
	GlobalSection(ExtensibilityGlobals) = postSolution
		SolutionGuid = {4E8530D4-9577-4BDB-B2F1-A5E5DA9D8B4D}
	EndGlobalSection
EndGlobal
